
Microsoft Visual Studio Solution File, Format Version 12.00
# Visual Studio 2013
VisualStudioVersion = 12.0.40629.0
MinimumVisualStudioVersion = 10.0.40219.1
Project("{FAE04EC0-301F-11D3-BF4B-00C04F79EFBC}") = "Saturn72.Mappers", "Saturn72.Mappers\Saturn72.Mappers.csproj", "{6779F811-36E1-44AA-A324-15AA35C36491}"
EndProject
Project("{FAE04EC0-301F-11D3-BF4B-00C04F79EFBC}") = "Saturn72.Mappers.Tests", "Saturn72.Mappers.Tests\Saturn72.Mappers.Tests.csproj", "{6EAE965E-4EE4-40BB-8DD4-813943FD26C3}"
EndProject
Global
	GlobalSection(SolutionConfigurationPlatforms) = preSolution
		Debug|Any CPU = Debug|Any CPU
		Release|Any CPU = Release|Any CPU
	EndGlobalSection
	GlobalSection(ProjectConfigurationPlatforms) = postSolution
		{6779F811-36E1-44AA-A324-15AA35C36491}.Debug|Any CPU.ActiveCfg = Debug|Any CPU
		{6779F811-36E1-44AA-A324-15AA35C36491}.Debug|Any CPU.Build.0 = Debug|Any CPU
		{6779F811-36E1-44AA-A324-15AA35C36491}.Release|Any CPU.ActiveCfg = Release|Any CPU
		{6779F811-36E1-44AA-A324-15AA35C36491}.Release|Any CPU.Build.0 = Release|Any CPU
		{6EAE965E-4EE4-40BB-8DD4-813943FD26C3}.Debug|Any CPU.ActiveCfg = Debug|Any CPU
		{6EAE965E-4EE4-40BB-8DD4-813943FD26C3}.Debug|Any CPU.Build.0 = Debug|Any CPU
		{6EAE965E-4EE4-40BB-8DD4-813943FD26C3}.Release|Any CPU.ActiveCfg = Release|Any CPU
		{6EAE965E-4EE4-40BB-8DD4-813943FD26C3}.Release|Any CPU.Build.0 = Release|Any CPU
	EndGlobalSection
	GlobalSection(SolutionProperties) = preSolution
		HideSolutionNode = FALSE
	EndGlobalSection
EndGlobal
